
Microsoft Visual Studio Solution File, Format Version 12.00
# Visual Studio Version 16
VisualStudioVersion = 16.0.30523.141
MinimumVisualStudioVersion = 10.0.40219.1
Project("{FAE04EC0-301F-11D3-BF4B-00C04F79EFBC}") = "ComputerCenter", "ComputerCenter\ComputerCenter.csproj", "{859FF08E-19EB-4119-A74E-6B9FD88CAC2D}"
EndProject
Global
	GlobalSection(SolutionConfigurationPlatforms) = preSolution
		Debug|Any CPU = Debug|Any CPU
		Release|Any CPU = Release|Any CPU
	EndGlobalSection
	GlobalSection(ProjectConfigurationPlatforms) = postSolution
		{859FF08E-19EB-4119-A74E-6B9FD88CAC2D}.Debug|Any CPU.ActiveCfg = Debug|Any CPU
		{859FF08E-19EB-4119-A74E-6B9FD88CAC2D}.Debug|Any CPU.Build.0 = Debug|Any CPU
		{859FF08E-19EB-4119-A74E-6B9FD88CAC2D}.Release|Any CPU.ActiveCfg = Release|Any CPU
		{859FF08E-19EB-4119-A74E-6B9FD88CAC2D}.Release|Any CPU.Build.0 = Release|Any CPU
	EndGlobalSection
	GlobalSection(SolutionProperties) = preSolution
		HideSolutionNode = FALSE
	EndGlobalSection
	GlobalSection(ExtensibilityGlobals) = postSolution
		SolutionGuid = {034CAD8C-B747-4E6D-9A72-93EDA13F196F}
	EndGlobalSection
EndGlobal
